<Solution>
  <Folder Name="/.Solution Items/">
    <File Path=".github/copilot-instructions.md" />
    <File Path="Directory.Build.props" />
    <File Path="README.md" />
  </Folder>
  <Folder Name="/.Solution Items/publish/">
    <File Path=".github\workflows\nuget-publish-reusable.yml" />
    <File Path=".github\workflows\publish-data-abstractions.yml" />
    <File Path=".github\workflows\publish-data-efcore.yml" />
  </Folder>
  <Folder Name="/src/">
    <File Path="src/Directory.Build.props" />
  </Folder>
  <Folder Name="/src/Data/">
    <Project Path="src/Data/Creomobile.Data.Abstractions/Creomobile.Data.Abstractions.csproj" />
    <Project Path="src/Data/Creomobile.Data.EFCore/Creomobile.Data.EFCore.csproj" />
  </Folder>
  <Folder Name="/src/Data/Tests/">
    <Project Path="tests/Creomobile.Data.EFCore.IntegrationTests/Creomobile.Data.EFCore.IntegrationTests.csproj" Id="a28b9396-56ce-443e-bd44-da7111ee8458" />
  </Folder>
  <Folder Name="/tests/">
    <File Path="tests/Directory.Build.props" />
  </Folder>
</Solution>
